
Microsoft Visual Studio Solution File, Format Version 12.00
# Visual Studio 15
VisualStudioVersion = 15.0.28010.2019
MinimumVisualStudioVersion = 10.0.40219.1
Project("{8BC9CEB8-8B4A-11D0-8D11-00A0C91BC942}") = "arithmetic expressions", "arithmetic expressions\arithmetic expressions.vcxproj", "{B179E115-6A49-4405-B848-B6C4149A06C9}"
EndProject
Global
	GlobalSection(SolutionConfigurationPlatforms) = preSolution
		Debug|x64 = Debug|x64
		Debug|x86 = Debug|x86
		Release|x64 = Release|x64
		Release|x86 = Release|x86
	EndGlobalSection
	GlobalSection(ProjectConfigurationPlatforms) = postSolution
		{B179E115-6A49-4405-B848-B6C4149A06C9}.Debug|x64.ActiveCfg = Debug|x64
		{B179E115-6A49-4405-B848-B6C4149A06C9}.Debug|x64.Build.0 = Debug|x64
		{B179E115-6A49-4405-B848-B6C4149A06C9}.Debug|x86.ActiveCfg = Debug|Win32
		{B179E115-6A49-4405-B848-B6C4149A06C9}.Debug|x86.Build.0 = Debug|Win32
		{B179E115-6A49-4405-B848-B6C4149A06C9}.Release|x64.ActiveCfg = Release|x64
		{B179E115-6A49-4405-B848-B6C4149A06C9}.Release|x64.Build.0 = Release|x64
		{B179E115-6A49-4405-B848-B6C4149A06C9}.Release|x86.ActiveCfg = Release|Win32
		{B179E115-6A49-4405-B848-B6C4149A06C9}.Release|x86.Build.0 = Release|Win32
	EndGlobalSection
	GlobalSection(SolutionProperties) = preSolution
		HideSolutionNode = FALSE
	EndGlobalSection
	GlobalSection(ExtensibilityGlobals) = postSolution
		SolutionGuid = {D5A17561-B7BC-468E-84E5-883EDBBB97C1}
	EndGlobalSection
EndGlobal
